
Microsoft Visual Studio Solution File, Format Version 12.00
# Visual Studio 14
VisualStudioVersion = 14.0.24720.0
MinimumVisualStudioVersion = 10.0.40219.1
Project("{2150E333-8FDC-42A3-9474-1A3956D46DE8}") = "Task3", "Task3", "{5E5A45C7-9379-4E51-A638-41A677F66E2E}"
EndProject
Project("{FAE04EC0-301F-11D3-BF4B-00C04F79EFBC}") = "WordsMemoryzation", "WordsMemoryzation\WordsMemoryzation.csproj", "{D2165CF4-D1AD-49F3-B92D-4C458D93621F}"
EndProject
Project("{FAE04EC0-301F-11D3-BF4B-00C04F79EFBC}") = "WordCounterTests", "WordCounterTests\WordCounterTests.csproj", "{4F3C5219-9F17-4512-A2DE-7F5B14FE0690}"
EndProject
Project("{FAE04EC0-301F-11D3-BF4B-00C04F79EFBC}") = "TimerLogic", "TimerLogic\TimerLogic.csproj", "{83B906B2-F2FE-4DA1-834C-49349466E4FA}"
EndProject
Project("{FAE04EC0-301F-11D3-BF4B-00C04F79EFBC}") = "TimerCUI", "TimerCUI\TimerCUI.csproj", "{F34BC36F-A3B6-433F-AD6F-6DDAF4BF8310}"
EndProject
Project("{FAE04EC0-301F-11D3-BF4B-00C04F79EFBC}") = "BinarySearchLogic", "BinarySearchLogic\BinarySearchLogic.csproj", "{6DA960AD-EC92-42A9-B4B4-B0CD2CA9FD26}"
EndProject
Project("{FAE04EC0-301F-11D3-BF4B-00C04F79EFBC}") = "BinarySearchLogicTests", "BinarySearchLogicTests\BinarySearchLogicTests.csproj", "{465B79E0-588A-43B3-A96F-4F4C8A05459D}"
EndProject
Project("{FAE04EC0-301F-11D3-BF4B-00C04F79EFBC}") = "BookStorageLogic", "BookStorageLogic\BookStorageLogic.csproj", "{3F8543F7-5D94-4F3B-AB96-666301884435}"
EndProject
Global
	GlobalSection(SolutionConfigurationPlatforms) = preSolution
		Debug|Any CPU = Debug|Any CPU
		Release|Any CPU = Release|Any CPU
	EndGlobalSection
	GlobalSection(ProjectConfigurationPlatforms) = postSolution
		{D2165CF4-D1AD-49F3-B92D-4C458D93621F}.Debug|Any CPU.ActiveCfg = Debug|Any CPU
		{D2165CF4-D1AD-49F3-B92D-4C458D93621F}.Debug|Any CPU.Build.0 = Debug|Any CPU
		{D2165CF4-D1AD-49F3-B92D-4C458D93621F}.Release|Any CPU.ActiveCfg = Release|Any CPU
		{D2165CF4-D1AD-49F3-B92D-4C458D93621F}.Release|Any CPU.Build.0 = Release|Any CPU
		{4F3C5219-9F17-4512-A2DE-7F5B14FE0690}.Debug|Any CPU.ActiveCfg = Debug|Any CPU
		{4F3C5219-9F17-4512-A2DE-7F5B14FE0690}.Debug|Any CPU.Build.0 = Debug|Any CPU
		{4F3C5219-9F17-4512-A2DE-7F5B14FE0690}.Release|Any CPU.ActiveCfg = Release|Any CPU
		{4F3C5219-9F17-4512-A2DE-7F5B14FE0690}.Release|Any CPU.Build.0 = Release|Any CPU
		{83B906B2-F2FE-4DA1-834C-49349466E4FA}.Debug|Any CPU.ActiveCfg = Debug|Any CPU
		{83B906B2-F2FE-4DA1-834C-49349466E4FA}.Debug|Any CPU.Build.0 = Debug|Any CPU
		{83B906B2-F2FE-4DA1-834C-49349466E4FA}.Release|Any CPU.ActiveCfg = Release|Any CPU
		{83B906B2-F2FE-4DA1-834C-49349466E4FA}.Release|Any CPU.Build.0 = Release|Any CPU
		{F34BC36F-A3B6-433F-AD6F-6DDAF4BF8310}.Debug|Any CPU.ActiveCfg = Debug|Any CPU
		{F34BC36F-A3B6-433F-AD6F-6DDAF4BF8310}.Debug|Any CPU.Build.0 = Debug|Any CPU
		{F34BC36F-A3B6-433F-AD6F-6DDAF4BF8310}.Release|Any CPU.ActiveCfg = Release|Any CPU
		{F34BC36F-A3B6-433F-AD6F-6DDAF4BF8310}.Release|Any CPU.Build.0 = Release|Any CPU
		{6DA960AD-EC92-42A9-B4B4-B0CD2CA9FD26}.Debug|Any CPU.ActiveCfg = Debug|Any CPU
		{6DA960AD-EC92-42A9-B4B4-B0CD2CA9FD26}.Debug|Any CPU.Build.0 = Debug|Any CPU
		{6DA960AD-EC92-42A9-B4B4-B0CD2CA9FD26}.Release|Any CPU.ActiveCfg = Release|Any CPU
		{6DA960AD-EC92-42A9-B4B4-B0CD2CA9FD26}.Release|Any CPU.Build.0 = Release|Any CPU
		{465B79E0-588A-43B3-A96F-4F4C8A05459D}.Debug|Any CPU.ActiveCfg = Debug|Any CPU
		{465B79E0-588A-43B3-A96F-4F4C8A05459D}.Debug|Any CPU.Build.0 = Debug|Any CPU
		{465B79E0-588A-43B3-A96F-4F4C8A05459D}.Release|Any CPU.ActiveCfg = Release|Any CPU
		{465B79E0-588A-43B3-A96F-4F4C8A05459D}.Release|Any CPU.Build.0 = Release|Any CPU
		{3F8543F7-5D94-4F3B-AB96-666301884435}.Debug|Any CPU.ActiveCfg = Debug|Any CPU
		{3F8543F7-5D94-4F3B-AB96-666301884435}.Debug|Any CPU.Build.0 = Debug|Any CPU
		{3F8543F7-5D94-4F3B-AB96-666301884435}.Release|Any CPU.ActiveCfg = Release|Any CPU
		{3F8543F7-5D94-4F3B-AB96-666301884435}.Release|Any CPU.Build.0 = Release|Any CPU
	EndGlobalSection
	GlobalSection(SolutionProperties) = preSolution
		HideSolutionNode = FALSE
	EndGlobalSection
	GlobalSection(NestedProjects) = preSolution
		{D2165CF4-D1AD-49F3-B92D-4C458D93621F} = {5E5A45C7-9379-4E51-A638-41A677F66E2E}
		{4F3C5219-9F17-4512-A2DE-7F5B14FE0690} = {5E5A45C7-9379-4E51-A638-41A677F66E2E}
	EndGlobalSection
EndGlobal
